// !$*UTF8*$!
{
	archiveVersion = 1;
	classes = {
	};
	objectVersion = 46;
	objects = {

/* Begin PBXBuildFile section */
		B0E8FFA51BFA338900EEFE28 /* RecipeCookingViewController.m in Sources */ = {isa = PBXBuildFile; fileRef = B0E8FFA41BFA338900EEFE28 /* RecipeCookingViewController.m */; };
		B0E8FFA91BFA35CB00EEFE28 /* EntryViewController.m in Sources */ = {isa = PBXBuildFile; fileRef = B0E8FFA81BFA35CB00EEFE28 /* EntryViewController.m */; };
		B0E8FFAC1BFA3CA900EEFE28 /* Recipe.m in Sources */ = {isa = PBXBuildFile; fileRef = B0E8FFAB1BFA3CA900EEFE28 /* Recipe.m */; };
		B0E8FFAF1BFA479900EEFE28 /* RecipeStep.m in Sources */ = {isa = PBXBuildFile; fileRef = B0E8FFAE1BFA479900EEFE28 /* RecipeStep.m */; };
		E081A1891BFAE2FD003FED9C /* NutritionalInformationViewController.m in Sources */ = {isa = PBXBuildFile; fileRef = E081A1881BFAE2FD003FED9C /* NutritionalInformationViewController.m */; };
		E081A18C1BFD1BF3003FED9C /* CustomActivityIndicator.m in Sources */ = {isa = PBXBuildFile; fileRef = E081A18B1BFD1BF3003FED9C /* CustomActivityIndicator.m */; };
		E0970FBA1BFDC7410031793E /* StarRatingButton.m in Sources */ = {isa = PBXBuildFile; fileRef = E0970FB91BFDC7410031793E /* StarRatingButton.m */; };
		E0AF5C1E1BFD6B3C0056BEAA /* MealDetailScrollingViewController.m in Sources */ = {isa = PBXBuildFile; fileRef = E0AF5C1D1BFD6B3C0056BEAA /* MealDetailScrollingViewController.m */; };
		E0AF5C211BFD6E250056BEAA /* CommentTableViewCell.m in Sources */ = {isa = PBXBuildFile; fileRef = E0AF5C201BFD6E250056BEAA /* CommentTableViewCell.m */; };
		E0E286501BF2CF42002A9C0C /* main.m in Sources */ = {isa = PBXBuildFile; fileRef = E0E2864F1BF2CF42002A9C0C /* main.m */; };
		E0E286531BF2CF42002A9C0C /* AppDelegate.m in Sources */ = {isa = PBXBuildFile; fileRef = E0E286521BF2CF42002A9C0C /* AppDelegate.m */; };
		E0E286591BF2CF42002A9C0C /* Main.storyboard in Resources */ = {isa = PBXBuildFile; fileRef = E0E286571BF2CF42002A9C0C /* Main.storyboard */; };
		E0E2865C1BF2CF42002A9C0C /* TasteSwipeObjectiveC.xcdatamodeld in Sources */ = {isa = PBXBuildFile; fileRef = E0E2865A1BF2CF42002A9C0C /* TasteSwipeObjectiveC.xcdatamodeld */; };
		E0E2865E1BF2CF42002A9C0C /* Assets.xcassets in Resources */ = {isa = PBXBuildFile; fileRef = E0E2865D1BF2CF42002A9C0C /* Assets.xcassets */; };
		E0E286611BF2CF42002A9C0C /* LaunchScreen.storyboard in Resources */ = {isa = PBXBuildFile; fileRef = E0E2865F1BF2CF42002A9C0C /* LaunchScreen.storyboard */; };
		E0E2866C1BF2CF42002A9C0C /* TasteSwipeObjectiveCTests.m in Sources */ = {isa = PBXBuildFile; fileRef = E0E2866B1BF2CF42002A9C0C /* TasteSwipeObjectiveCTests.m */; };
		E0E286771BF2CF42002A9C0C /* TasteSwipeObjectiveCUITests.m in Sources */ = {isa = PBXBuildFile; fileRef = E0E286761BF2CF42002A9C0C /* TasteSwipeObjectiveCUITests.m */; };
		E0E286861BF2CF7D002A9C0C /* Meal.m in Sources */ = {isa = PBXBuildFile; fileRef = E0E286851BF2CF7D002A9C0C /* Meal.m */; };
		E0E286891BF2CF8C002A9C0C /* User.m in Sources */ = {isa = PBXBuildFile; fileRef = E0E286881BF2CF8C002A9C0C /* User.m */; };
		E0E2868D1BF2CFFB002A9C0C /* SwipeViewController.m in Sources */ = {isa = PBXBuildFile; fileRef = E0E2868C1BF2CFFB002A9C0C /* SwipeViewController.m */; };
		E0E286911BF2D04C002A9C0C /* WelcomeViewController.m in Sources */ = {isa = PBXBuildFile; fileRef = E0E286901BF2D04C002A9C0C /* WelcomeViewController.m */; };
		E0E286941BF2D071002A9C0C /* SignUpViewController.m in Sources */ = {isa = PBXBuildFile; fileRef = E0E286931BF2D071002A9C0C /* SignUpViewController.m */; };
		E0E286971BF2D096002A9C0C /* ToTryListViewController.m in Sources */ = {isa = PBXBuildFile; fileRef = E0E286961BF2D096002A9C0C /* ToTryListViewController.m */; };
		E0E2869A1BF2E033002A9C0C /* SwipedCardBackgroundView.m in Sources */ = {isa = PBXBuildFile; fileRef = E0E286991BF2E033002A9C0C /* SwipedCardBackgroundView.m */; };
		E0E2869D1BF2E05C002A9C0C /* SwipedCardView.m in Sources */ = {isa = PBXBuildFile; fileRef = E0E2869C1BF2E05C002A9C0C /* SwipedCardView.m */; };
		E0E286A01BF2E06F002A9C0C /* OverlayView.m in Sources */ = {isa = PBXBuildFile; fileRef = E0E2869F1BF2E06F002A9C0C /* OverlayView.m */; };
		E0E286A61BF3CB19002A9C0C /* GroceryListViewController.m in Sources */ = {isa = PBXBuildFile; fileRef = E0E286A51BF3CB19002A9C0C /* GroceryListViewController.m */; };
		E0E286AA1BF3CB6A002A9C0C /* MealDetailViewController.m in Sources */ = {isa = PBXBuildFile; fileRef = E0E286A91BF3CB6A002A9C0C /* MealDetailViewController.m */; };
		E0E286AE1BF3CCA7002A9C0C /* RecipeViewController.m in Sources */ = {isa = PBXBuildFile; fileRef = E0E286AD1BF3CCA7002A9C0C /* RecipeViewController.m */; };
		E0E286B21BF5014D002A9C0C /* ToTryListTableViewCell.m in Sources */ = {isa = PBXBuildFile; fileRef = E0E286B11BF5014D002A9C0C /* ToTryListTableViewCell.m */; };
		E0E286B91BF654B2002A9C0C /* ConsumableTableViewCell.m in Sources */ = {isa = PBXBuildFile; fileRef = E0E286B81BF654B2002A9C0C /* ConsumableTableViewCell.m */; };
		E0E286BC1BF655DF002A9C0C /* Consumable.m in Sources */ = {isa = PBXBuildFile; fileRef = E0E286BB1BF655DF002A9C0C /* Consumable.m */; };
		E0E286BF1BF6E440002A9C0C /* NetworkClient.m in Sources */ = {isa = PBXBuildFile; fileRef = E0E286BE1BF6E440002A9C0C /* NetworkClient.m */; };
		E0E286C31BF6E9E7002A9C0C /* GroceryListItem.m in Sources */ = {isa = PBXBuildFile; fileRef = E0E286C21BF6E9E7002A9C0C /* GroceryListItem.m */; };
		E0E286C61BF7F4A2002A9C0C /* ConsumableIngredientTableViewCell.m in Sources */ = {isa = PBXBuildFile; fileRef = E0E286C51BF7F4A2002A9C0C /* ConsumableIngredientTableViewCell.m */; };
		E0E286C91BF7F52C002A9C0C /* ConsumableIngredient.m in Sources */ = {isa = PBXBuildFile; fileRef = E0E286C81BF7F52C002A9C0C /* ConsumableIngredient.m */; };
		E0E286CC1BF7F5C7002A9C0C /* GroceryListItemTableViewCell.m in Sources */ = {isa = PBXBuildFile; fileRef = E0E286CB1BF7F5C7002A9C0C /* GroceryListItemTableViewCell.m */; };
		E0E286CF1BF9A593002A9C0C /* AppSettingsViewController.m in Sources */ = {isa = PBXBuildFile; fileRef = E0E286CE1BF9A593002A9C0C /* AppSettingsViewController.m */; };
		E0E286D21BF9A5BA002A9C0C /* SettingsViewController.m in Sources */ = {isa = PBXBuildFile; fileRef = E0E286D11BF9A5BA002A9C0C /* SettingsViewController.m */; };
/* End PBXBuildFile section */

/* Begin PBXContainerItemProxy section */
		E0E286681BF2CF42002A9C0C /* PBXContainerItemProxy */ = {
			isa = PBXContainerItemProxy;
			containerPortal = E0E286431BF2CF41002A9C0C /* Project object */;
			proxyType = 1;
			remoteGlobalIDString = E0E2864A1BF2CF42002A9C0C;
			remoteInfo = TasteSwipeObjectiveC;
		};
		E0E286731BF2CF42002A9C0C /* PBXContainerItemProxy */ = {
			isa = PBXContainerItemProxy;
			containerPortal = E0E286431BF2CF41002A9C0C /* Project object */;
			proxyType = 1;
			remoteGlobalIDString = E0E2864A1BF2CF42002A9C0C;
			remoteInfo = TasteSwipeObjectiveC;
		};
/* End PBXContainerItemProxy section */

/* Begin PBXFileReference section */
		B0E8FFA31BFA338900EEFE28 /* RecipeCookingViewController.h */ = {isa = PBXFileReference; fileEncoding = 4; lastKnownFileType = sourcecode.c.h; path = RecipeCookingViewController.h; sourceTree = "<group>"; };
		B0E8FFA41BFA338900EEFE28 /* RecipeCookingViewController.m */ = {isa = PBXFileReference; fileEncoding = 4; lastKnownFileType = sourcecode.c.objc; path = RecipeCookingViewController.m; sourceTree = "<group>"; };
		B0E8FFA71BFA35CB00EEFE28 /* EntryViewController.h */ = {isa = PBXFileReference; fileEncoding = 4; lastKnownFileType = sourcecode.c.h; path = EntryViewController.h; sourceTree = "<group>"; };
		B0E8FFA81BFA35CB00EEFE28 /* EntryViewController.m */ = {isa = PBXFileReference; fileEncoding = 4; lastKnownFileType = sourcecode.c.objc; path = EntryViewController.m; sourceTree = "<group>"; };
		B0E8FFAA1BFA3CA900EEFE28 /* Recipe.h */ = {isa = PBXFileReference; fileEncoding = 4; lastKnownFileType = sourcecode.c.h; path = Recipe.h; sourceTree = "<group>"; };
		B0E8FFAB1BFA3CA900EEFE28 /* Recipe.m */ = {isa = PBXFileReference; fileEncoding = 4; lastKnownFileType = sourcecode.c.objc; path = Recipe.m; sourceTree = "<group>"; };
		B0E8FFAD1BFA479900EEFE28 /* RecipeStep.h */ = {isa = PBXFileReference; fileEncoding = 4; lastKnownFileType = sourcecode.c.h; path = RecipeStep.h; sourceTree = "<group>"; };
		B0E8FFAE1BFA479900EEFE28 /* RecipeStep.m */ = {isa = PBXFileReference; fileEncoding = 4; lastKnownFileType = sourcecode.c.objc; path = RecipeStep.m; sourceTree = "<group>"; };
		E081A1871BFAE2FD003FED9C /* NutritionalInformationViewController.h */ = {isa = PBXFileReference; fileEncoding = 4; lastKnownFileType = sourcecode.c.h; path = NutritionalInformationViewController.h; sourceTree = "<group>"; };
		E081A1881BFAE2FD003FED9C /* NutritionalInformationViewController.m */ = {isa = PBXFileReference; fileEncoding = 4; lastKnownFileType = sourcecode.c.objc; path = NutritionalInformationViewController.m; sourceTree = "<group>"; };
		E081A18A1BFD1BF3003FED9C /* CustomActivityIndicator.h */ = {isa = PBXFileReference; fileEncoding = 4; lastKnownFileType = sourcecode.c.h; path = CustomActivityIndicator.h; sourceTree = "<group>"; };
		E081A18B1BFD1BF3003FED9C /* CustomActivityIndicator.m */ = {isa = PBXFileReference; fileEncoding = 4; lastKnownFileType = sourcecode.c.objc; path = CustomActivityIndicator.m; sourceTree = "<group>"; };
		E0970FB81BFDC7410031793E /* StarRatingButton.h */ = {isa = PBXFileReference; fileEncoding = 4; lastKnownFileType = sourcecode.c.h; path = StarRatingButton.h; sourceTree = "<group>"; };
		E0970FB91BFDC7410031793E /* StarRatingButton.m */ = {isa = PBXFileReference; fileEncoding = 4; lastKnownFileType = sourcecode.c.objc; path = StarRatingButton.m; sourceTree = "<group>"; };
		E0AF5C1C1BFD6B3C0056BEAA /* MealDetailScrollingViewController.h */ = {isa = PBXFileReference; fileEncoding = 4; lastKnownFileType = sourcecode.c.h; path = MealDetailScrollingViewController.h; sourceTree = "<group>"; };
		E0AF5C1D1BFD6B3C0056BEAA /* MealDetailScrollingViewController.m */ = {isa = PBXFileReference; fileEncoding = 4; lastKnownFileType = sourcecode.c.objc; path = MealDetailScrollingViewController.m; sourceTree = "<group>"; };
		E0AF5C1F1BFD6E250056BEAA /* CommentTableViewCell.h */ = {isa = PBXFileReference; fileEncoding = 4; lastKnownFileType = sourcecode.c.h; path = CommentTableViewCell.h; sourceTree = "<group>"; };
		E0AF5C201BFD6E250056BEAA /* CommentTableViewCell.m */ = {isa = PBXFileReference; fileEncoding = 4; lastKnownFileType = sourcecode.c.objc; path = CommentTableViewCell.m; sourceTree = "<group>"; };
		E0E2864B1BF2CF42002A9C0C /* TasteSwipeObjectiveC.app */ = {isa = PBXFileReference; explicitFileType = wrapper.application; includeInIndex = 0; path = TasteSwipeObjectiveC.app; sourceTree = BUILT_PRODUCTS_DIR; };
		E0E2864F1BF2CF42002A9C0C /* main.m */ = {isa = PBXFileReference; lastKnownFileType = sourcecode.c.objc; path = main.m; sourceTree = "<group>"; };
		E0E286511BF2CF42002A9C0C /* AppDelegate.h */ = {isa = PBXFileReference; lastKnownFileType = sourcecode.c.h; path = AppDelegate.h; sourceTree = "<group>"; };
		E0E286521BF2CF42002A9C0C /* AppDelegate.m */ = {isa = PBXFileReference; lastKnownFileType = sourcecode.c.objc; path = AppDelegate.m; sourceTree = "<group>"; };
		E0E286581BF2CF42002A9C0C /* Base */ = {isa = PBXFileReference; lastKnownFileType = file.storyboard; name = Base; path = Base.lproj/Main.storyboard; sourceTree = "<group>"; };
		E0E2865B1BF2CF42002A9C0C /* TasteSwipeObjectiveC.xcdatamodel */ = {isa = PBXFileReference; lastKnownFileType = wrapper.xcdatamodel; path = TasteSwipeObjectiveC.xcdatamodel; sourceTree = "<group>"; };
		E0E2865D1BF2CF42002A9C0C /* Assets.xcassets */ = {isa = PBXFileReference; lastKnownFileType = folder.assetcatalog; path = Assets.xcassets; sourceTree = "<group>"; };
		E0E286601BF2CF42002A9C0C /* Base */ = {isa = PBXFileReference; lastKnownFileType = file.storyboard; name = Base; path = Base.lproj/LaunchScreen.storyboard; sourceTree = "<group>"; };
		E0E286621BF2CF42002A9C0C /* Info.plist */ = {isa = PBXFileReference; lastKnownFileType = text.plist.xml; path = Info.plist; sourceTree = "<group>"; };
		E0E286671BF2CF42002A9C0C /* TasteSwipeObjectiveCTests.xctest */ = {isa = PBXFileReference; explicitFileType = wrapper.cfbundle; includeInIndex = 0; path = TasteSwipeObjectiveCTests.xctest; sourceTree = BUILT_PRODUCTS_DIR; };
		E0E2866B1BF2CF42002A9C0C /* TasteSwipeObjectiveCTests.m */ = {isa = PBXFileReference; lastKnownFileType = sourcecode.c.objc; path = TasteSwipeObjectiveCTests.m; sourceTree = "<group>"; };
		E0E2866D1BF2CF42002A9C0C /* Info.plist */ = {isa = PBXFileReference; lastKnownFileType = text.plist.xml; path = Info.plist; sourceTree = "<group>"; };
		E0E286721BF2CF42002A9C0C /* TasteSwipeObjectiveCUITests.xctest */ = {isa = PBXFileReference; explicitFileType = wrapper.cfbundle; includeInIndex = 0; path = TasteSwipeObjectiveCUITests.xctest; sourceTree = BUILT_PRODUCTS_DIR; };
		E0E286761BF2CF42002A9C0C /* TasteSwipeObjectiveCUITests.m */ = {isa = PBXFileReference; lastKnownFileType = sourcecode.c.objc; path = TasteSwipeObjectiveCUITests.m; sourceTree = "<group>"; };
		E0E286781BF2CF42002A9C0C /* Info.plist */ = {isa = PBXFileReference; lastKnownFileType = text.plist.xml; path = Info.plist; sourceTree = "<group>"; };
		E0E286841BF2CF7D002A9C0C /* Meal.h */ = {isa = PBXFileReference; fileEncoding = 4; lastKnownFileType = sourcecode.c.h; name = Meal.h; path = ../Meal.h; sourceTree = "<group>"; };
		E0E286851BF2CF7D002A9C0C /* Meal.m */ = {isa = PBXFileReference; fileEncoding = 4; lastKnownFileType = sourcecode.c.objc; name = Meal.m; path = ../Meal.m; sourceTree = "<group>"; };
		E0E286871BF2CF8C002A9C0C /* User.h */ = {isa = PBXFileReference; fileEncoding = 4; lastKnownFileType = sourcecode.c.h; name = User.h; path = ../User.h; sourceTree = "<group>"; };
		E0E286881BF2CF8C002A9C0C /* User.m */ = {isa = PBXFileReference; fileEncoding = 4; lastKnownFileType = sourcecode.c.objc; name = User.m; path = ../User.m; sourceTree = "<group>"; };
		E0E2868B1BF2CFFB002A9C0C /* SwipeViewController.h */ = {isa = PBXFileReference; fileEncoding = 4; lastKnownFileType = sourcecode.c.h; path = SwipeViewController.h; sourceTree = "<group>"; };
		E0E2868C1BF2CFFB002A9C0C /* SwipeViewController.m */ = {isa = PBXFileReference; fileEncoding = 4; lastKnownFileType = sourcecode.c.objc; path = SwipeViewController.m; sourceTree = "<group>"; };
		E0E2868F1BF2D04C002A9C0C /* WelcomeViewController.h */ = {isa = PBXFileReference; fileEncoding = 4; lastKnownFileType = sourcecode.c.h; path = WelcomeViewController.h; sourceTree = "<group>"; };
		E0E286901BF2D04C002A9C0C /* WelcomeViewController.m */ = {isa = PBXFileReference; fileEncoding = 4; lastKnownFileType = sourcecode.c.objc; path = WelcomeViewController.m; sourceTree = "<group>"; };
		E0E286921BF2D071002A9C0C /* SignUpViewController.h */ = {isa = PBXFileReference; fileEncoding = 4; lastKnownFileType = sourcecode.c.h; path = SignUpViewController.h; sourceTree = "<group>"; };
		E0E286931BF2D071002A9C0C /* SignUpViewController.m */ = {isa = PBXFileReference; fileEncoding = 4; lastKnownFileType = sourcecode.c.objc; path = SignUpViewController.m; sourceTree = "<group>"; };
		E0E286951BF2D096002A9C0C /* ToTryListViewController.h */ = {isa = PBXFileReference; fileEncoding = 4; lastKnownFileType = sourcecode.c.h; path = ToTryListViewController.h; sourceTree = "<group>"; };
		E0E286961BF2D096002A9C0C /* ToTryListViewController.m */ = {isa = PBXFileReference; fileEncoding = 4; lastKnownFileType = sourcecode.c.objc; path = ToTryListViewController.m; sourceTree = "<group>"; };
		E0E286981BF2E033002A9C0C /* SwipedCardBackgroundView.h */ = {isa = PBXFileReference; fileEncoding = 4; lastKnownFileType = sourcecode.c.h; name = SwipedCardBackgroundView.h; path = ../SwipedCardBackgroundView.h; sourceTree = "<group>"; };
		E0E286991BF2E033002A9C0C /* SwipedCardBackgroundView.m */ = {isa = PBXFileReference; fileEncoding = 4; lastKnownFileType = sourcecode.c.objc; name = SwipedCardBackgroundView.m; path = ../SwipedCardBackgroundView.m; sourceTree = "<group>"; };
		E0E2869B1BF2E05C002A9C0C /* SwipedCardView.h */ = {isa = PBXFileReference; fileEncoding = 4; lastKnownFileType = sourcecode.c.h; name = SwipedCardView.h; path = ../SwipedCardView.h; sourceTree = "<group>"; };
		E0E2869C1BF2E05C002A9C0C /* SwipedCardView.m */ = {isa = PBXFileReference; fileEncoding = 4; lastKnownFileType = sourcecode.c.objc; name = SwipedCardView.m; path = ../SwipedCardView.m; sourceTree = "<group>"; };
		E0E2869E1BF2E06F002A9C0C /* OverlayView.h */ = {isa = PBXFileReference; fileEncoding = 4; lastKnownFileType = sourcecode.c.h; name = OverlayView.h; path = ../OverlayView.h; sourceTree = "<group>"; };
		E0E2869F1BF2E06F002A9C0C /* OverlayView.m */ = {isa = PBXFileReference; fileEncoding = 4; lastKnownFileType = sourcecode.c.objc; name = OverlayView.m; path = ../OverlayView.m; sourceTree = "<group>"; };
		E0E286A41BF3CB19002A9C0C /* GroceryListViewController.h */ = {isa = PBXFileReference; fileEncoding = 4; lastKnownFileType = sourcecode.c.h; path = GroceryListViewController.h; sourceTree = "<group>"; };
		E0E286A51BF3CB19002A9C0C /* GroceryListViewController.m */ = {isa = PBXFileReference; fileEncoding = 4; lastKnownFileType = sourcecode.c.objc; path = GroceryListViewController.m; sourceTree = "<group>"; };
		E0E286A81BF3CB6A002A9C0C /* MealDetailViewController.h */ = {isa = PBXFileReference; fileEncoding = 4; lastKnownFileType = sourcecode.c.h; path = MealDetailViewController.h; sourceTree = "<group>"; };
		E0E286A91BF3CB6A002A9C0C /* MealDetailViewController.m */ = {isa = PBXFileReference; fileEncoding = 4; lastKnownFileType = sourcecode.c.objc; path = MealDetailViewController.m; sourceTree = "<group>"; };
		E0E286AC1BF3CCA7002A9C0C /* RecipeViewController.h */ = {isa = PBXFileReference; fileEncoding = 4; lastKnownFileType = sourcecode.c.h; path = RecipeViewController.h; sourceTree = "<group>"; };
		E0E286AD1BF3CCA7002A9C0C /* RecipeViewController.m */ = {isa = PBXFileReference; fileEncoding = 4; lastKnownFileType = sourcecode.c.objc; path = RecipeViewController.m; sourceTree = "<group>"; };
		E0E286B01BF5014D002A9C0C /* ToTryListTableViewCell.h */ = {isa = PBXFileReference; fileEncoding = 4; lastKnownFileType = sourcecode.c.h; path = ToTryListTableViewCell.h; sourceTree = "<group>"; };
		E0E286B11BF5014D002A9C0C /* ToTryListTableViewCell.m */ = {isa = PBXFileReference; fileEncoding = 4; lastKnownFileType = sourcecode.c.objc; path = ToTryListTableViewCell.m; sourceTree = "<group>"; };
		E0E286B71BF654B2002A9C0C /* ConsumableTableViewCell.h */ = {isa = PBXFileReference; fileEncoding = 4; lastKnownFileType = sourcecode.c.h; path = ConsumableTableViewCell.h; sourceTree = "<group>"; };
		E0E286B81BF654B2002A9C0C /* ConsumableTableViewCell.m */ = {isa = PBXFileReference; fileEncoding = 4; lastKnownFileType = sourcecode.c.objc; path = ConsumableTableViewCell.m; sourceTree = "<group>"; };
		E0E286BA1BF655DF002A9C0C /* Consumable.h */ = {isa = PBXFileReference; fileEncoding = 4; lastKnownFileType = sourcecode.c.h; path = Consumable.h; sourceTree = "<group>"; };
		E0E286BB1BF655DF002A9C0C /* Consumable.m */ = {isa = PBXFileReference; fileEncoding = 4; lastKnownFileType = sourcecode.c.objc; path = Consumable.m; sourceTree = "<group>"; };
		E0E286BD1BF6E440002A9C0C /* NetworkClient.h */ = {isa = PBXFileReference; fileEncoding = 4; lastKnownFileType = sourcecode.c.h; path = NetworkClient.h; sourceTree = "<group>"; };
		E0E286BE1BF6E440002A9C0C /* NetworkClient.m */ = {isa = PBXFileReference; fileEncoding = 4; lastKnownFileType = sourcecode.c.objc; path = NetworkClient.m; sourceTree = "<group>"; };
		E0E286C11BF6E9E7002A9C0C /* GroceryListItem.h */ = {isa = PBXFileReference; fileEncoding = 4; lastKnownFileType = sourcecode.c.h; path = GroceryListItem.h; sourceTree = "<group>"; };
		E0E286C21BF6E9E7002A9C0C /* GroceryListItem.m */ = {isa = PBXFileReference; fileEncoding = 4; lastKnownFileType = sourcecode.c.objc; path = GroceryListItem.m; sourceTree = "<group>"; };
		E0E286C41BF7F4A2002A9C0C /* ConsumableIngredientTableViewCell.h */ = {isa = PBXFileReference; fileEncoding = 4; lastKnownFileType = sourcecode.c.h; path = ConsumableIngredientTableViewCell.h; sourceTree = "<group>"; };
		E0E286C51BF7F4A2002A9C0C /* ConsumableIngredientTableViewCell.m */ = {isa = PBXFileReference; fileEncoding = 4; lastKnownFileType = sourcecode.c.objc; path = ConsumableIngredientTableViewCell.m; sourceTree = "<group>"; };
		E0E286C71BF7F52C002A9C0C /* ConsumableIngredient.h */ = {isa = PBXFileReference; fileEncoding = 4; lastKnownFileType = sourcecode.c.h; path = ConsumableIngredient.h; sourceTree = "<group>"; };
		E0E286C81BF7F52C002A9C0C /* ConsumableIngredient.m */ = {isa = PBXFileReference; fileEncoding = 4; lastKnownFileType = sourcecode.c.objc; path = ConsumableIngredient.m; sourceTree = "<group>"; };
		E0E286CA1BF7F5C7002A9C0C /* GroceryListItemTableViewCell.h */ = {isa = PBXFileReference; fileEncoding = 4; lastKnownFileType = sourcecode.c.h; path = GroceryListItemTableViewCell.h; sourceTree = "<group>"; };
		E0E286CB1BF7F5C7002A9C0C /* GroceryListItemTableViewCell.m */ = {isa = PBXFileReference; fileEncoding = 4; lastKnownFileType = sourcecode.c.objc; path = GroceryListItemTableViewCell.m; sourceTree = "<group>"; };
		E0E286CD1BF9A593002A9C0C /* AppSettingsViewController.h */ = {isa = PBXFileReference; fileEncoding = 4; lastKnownFileType = sourcecode.c.h; path = AppSettingsViewController.h; sourceTree = "<group>"; };
		E0E286CE1BF9A593002A9C0C /* AppSettingsViewController.m */ = {isa = PBXFileReference; fileEncoding = 4; lastKnownFileType = sourcecode.c.objc; path = AppSettingsViewController.m; sourceTree = "<group>"; };
		E0E286D01BF9A5BA002A9C0C /* SettingsViewController.h */ = {isa = PBXFileReference; fileEncoding = 4; lastKnownFileType = sourcecode.c.h; path = SettingsViewController.h; sourceTree = "<group>"; };
		E0E286D11BF9A5BA002A9C0C /* SettingsViewController.m */ = {isa = PBXFileReference; fileEncoding = 4; lastKnownFileType = sourcecode.c.objc; path = SettingsViewController.m; sourceTree = "<group>"; };
/* End PBXFileReference section */

/* Begin PBXFrameworksBuildPhase section */
		E0E286481BF2CF42002A9C0C /* Frameworks */ = {
			isa = PBXFrameworksBuildPhase;
			buildActionMask = 2147483647;
			files = (
			);
			runOnlyForDeploymentPostprocessing = 0;
		};
		E0E286641BF2CF42002A9C0C /* Frameworks */ = {
			isa = PBXFrameworksBuildPhase;
			buildActionMask = 2147483647;
			files = (
			);
			runOnlyForDeploymentPostprocessing = 0;
		};
		E0E2866F1BF2CF42002A9C0C /* Frameworks */ = {
			isa = PBXFrameworksBuildPhase;
			buildActionMask = 2147483647;
			files = (
			);
			runOnlyForDeploymentPostprocessing = 0;
		};
/* End PBXFrameworksBuildPhase section */

/* Begin PBXGroup section */
		B0E8FFA61BFA34A900EEFE28 /* RecipeStepsVCs */ = {
			isa = PBXGroup;
			children = (
				B0E8FFA31BFA338900EEFE28 /* RecipeCookingViewController.h */,
				B0E8FFA41BFA338900EEFE28 /* RecipeCookingViewController.m */,
				B0E8FFA71BFA35CB00EEFE28 /* EntryViewController.h */,
				B0E8FFA81BFA35CB00EEFE28 /* EntryViewController.m */,
			);
			name = RecipeStepsVCs;
			sourceTree = "<group>";
		};
		E0E286421BF2CF41002A9C0C = {
			isa = PBXGroup;
			children = (
				E0E2864D1BF2CF42002A9C0C /* TasteSwipeObjectiveC */,
				E0E2866A1BF2CF42002A9C0C /* TasteSwipeObjectiveCTests */,
				E0E286751BF2CF42002A9C0C /* TasteSwipeObjectiveCUITests */,
				E0E2864C1BF2CF42002A9C0C /* Products */,
			);
			sourceTree = "<group>";
		};
		E0E2864C1BF2CF42002A9C0C /* Products */ = {
			isa = PBXGroup;
			children = (
				E0E2864B1BF2CF42002A9C0C /* TasteSwipeObjectiveC.app */,
				E0E286671BF2CF42002A9C0C /* TasteSwipeObjectiveCTests.xctest */,
				E0E286721BF2CF42002A9C0C /* TasteSwipeObjectiveCUITests.xctest */,
			);
			name = Products;
			sourceTree = "<group>";
		};
		E0E2864D1BF2CF42002A9C0C /* TasteSwipeObjectiveC */ = {
			isa = PBXGroup;
			children = (
				E0E286571BF2CF42002A9C0C /* Main.storyboard */,
				E0E286511BF2CF42002A9C0C /* AppDelegate.h */,
				E0E286521BF2CF42002A9C0C /* AppDelegate.m */,
				E0E286C01BF6E9B3002A9C0C /* Network */,
				E0E2868A1BF2CFCE002A9C0C /* Models */,
				E0E286A21BF3C360002A9C0C /* Login */,
				E0E286D31BF9A5C9002A9C0C /* Settings */,
				E0E286A31BF3C37A002A9C0C /* SwipeVC */,
				E0E2868E1BF2D027002A9C0C /* ToTryListVC */,
				E0E286AB1BF3CB70002A9C0C /* MealDetailVC */,
				E0E286AF1BF3CCAE002A9C0C /* RecipeVC */,
				B0E8FFA61BFA34A900EEFE28 /* RecipeStepsVCs */,
				E0E286A71BF3CB2B002A9C0C /* GroceryListVC */,
				E0E2865D1BF2CF42002A9C0C /* Assets.xcassets */,
				E0E2865F1BF2CF42002A9C0C /* LaunchScreen.storyboard */,
				E0E286621BF2CF42002A9C0C /* Info.plist */,
				E0E2865A1BF2CF42002A9C0C /* TasteSwipeObjectiveC.xcdatamodeld */,
				E0E2864E1BF2CF42002A9C0C /* Supporting Files */,
			);
			path = TasteSwipeObjectiveC;
			sourceTree = "<group>";
		};
		E0E2864E1BF2CF42002A9C0C /* Supporting Files */ = {
			isa = PBXGroup;
			children = (
				E0E2864F1BF2CF42002A9C0C /* main.m */,
			);
			name = "Supporting Files";
			sourceTree = "<group>";
		};
		E0E2866A1BF2CF42002A9C0C /* TasteSwipeObjectiveCTests */ = {
			isa = PBXGroup;
			children = (
				E0E2866B1BF2CF42002A9C0C /* TasteSwipeObjectiveCTests.m */,
				E0E2866D1BF2CF42002A9C0C /* Info.plist */,
			);
			path = TasteSwipeObjectiveCTests;
			sourceTree = "<group>";
		};
		E0E286751BF2CF42002A9C0C /* TasteSwipeObjectiveCUITests */ = {
			isa = PBXGroup;
			children = (
				E0E286761BF2CF42002A9C0C /* TasteSwipeObjectiveCUITests.m */,
				E0E286781BF2CF42002A9C0C /* Info.plist */,
			);
			path = TasteSwipeObjectiveCUITests;
			sourceTree = "<group>";
		};
		E0E2868A1BF2CFCE002A9C0C /* Models */ = {
			isa = PBXGroup;
			children = (
				E0E286871BF2CF8C002A9C0C /* User.h */,
				E0E286881BF2CF8C002A9C0C /* User.m */,
				E0E286841BF2CF7D002A9C0C /* Meal.h */,
				E0E286851BF2CF7D002A9C0C /* Meal.m */,
				E0E286BA1BF655DF002A9C0C /* Consumable.h */,
				E0E286BB1BF655DF002A9C0C /* Consumable.m */,
				E0E286C71BF7F52C002A9C0C /* ConsumableIngredient.h */,
				E0E286C81BF7F52C002A9C0C /* ConsumableIngredient.m */,
				E0E286C11BF6E9E7002A9C0C /* GroceryListItem.h */,
				E0E286C21BF6E9E7002A9C0C /* GroceryListItem.m */,
				B0E8FFAA1BFA3CA900EEFE28 /* Recipe.h */,
				B0E8FFAB1BFA3CA900EEFE28 /* Recipe.m */,
				B0E8FFAD1BFA479900EEFE28 /* RecipeStep.h */,
				B0E8FFAE1BFA479900EEFE28 /* RecipeStep.m */,
				E0970FB81BFDC7410031793E /* StarRatingButton.h */,
				E0970FB91BFDC7410031793E /* StarRatingButton.m */,
			);
			name = Models;
			sourceTree = "<group>";
		};
		E0E2868E1BF2D027002A9C0C /* ToTryListVC */ = {
			isa = PBXGroup;
			children = (
				E0E286951BF2D096002A9C0C /* ToTryListViewController.h */,
				E0E286961BF2D096002A9C0C /* ToTryListViewController.m */,
				E0E286B01BF5014D002A9C0C /* ToTryListTableViewCell.h */,
				E0E286B11BF5014D002A9C0C /* ToTryListTableViewCell.m */,
			);
			name = ToTryListVC;
			sourceTree = "<group>";
		};
		E0E286A21BF3C360002A9C0C /* Login */ = {
			isa = PBXGroup;
			children = (
				E0E2868F1BF2D04C002A9C0C /* WelcomeViewController.h */,
				E0E286901BF2D04C002A9C0C /* WelcomeViewController.m */,
				E0E286921BF2D071002A9C0C /* SignUpViewController.h */,
				E0E286931BF2D071002A9C0C /* SignUpViewController.m */,
			);
			name = Login;
			sourceTree = "<group>";
		};
		E0E286A31BF3C37A002A9C0C /* SwipeVC */ = {
			isa = PBXGroup;
			children = (
				E0E2868B1BF2CFFB002A9C0C /* SwipeViewController.h */,
				E0E2868C1BF2CFFB002A9C0C /* SwipeViewController.m */,
				E0E286981BF2E033002A9C0C /* SwipedCardBackgroundView.h */,
				E0E286991BF2E033002A9C0C /* SwipedCardBackgroundView.m */,
				E0E2869B1BF2E05C002A9C0C /* SwipedCardView.h */,
				E0E2869C1BF2E05C002A9C0C /* SwipedCardView.m */,
				E0E2869E1BF2E06F002A9C0C /* OverlayView.h */,
				E0E2869F1BF2E06F002A9C0C /* OverlayView.m */,
				E081A18A1BFD1BF3003FED9C /* CustomActivityIndicator.h */,
				E081A18B1BFD1BF3003FED9C /* CustomActivityIndicator.m */,
			);
			name = SwipeVC;
			sourceTree = "<group>";
		};
		E0E286A71BF3CB2B002A9C0C /* GroceryListVC */ = {
			isa = PBXGroup;
			children = (
				E0E286A41BF3CB19002A9C0C /* GroceryListViewController.h */,
				E0E286A51BF3CB19002A9C0C /* GroceryListViewController.m */,
				E0E286CA1BF7F5C7002A9C0C /* GroceryListItemTableViewCell.h */,
				E0E286CB1BF7F5C7002A9C0C /* GroceryListItemTableViewCell.m */,
			);
			name = GroceryListVC;
			sourceTree = "<group>";
		};
		E0E286AB1BF3CB70002A9C0C /* MealDetailVC */ = {
			isa = PBXGroup;
			children = (
				E0E286A81BF3CB6A002A9C0C /* MealDetailViewController.h */,
				E0E286A91BF3CB6A002A9C0C /* MealDetailViewController.m */,
				E0E286B71BF654B2002A9C0C /* ConsumableTableViewCell.h */,
				E0E286B81BF654B2002A9C0C /* ConsumableTableViewCell.m */,
				E081A1871BFAE2FD003FED9C /* NutritionalInformationViewController.h */,
				E081A1881BFAE2FD003FED9C /* NutritionalInformationViewController.m */,
				E0AF5C1C1BFD6B3C0056BEAA /* MealDetailScrollingViewController.h */,
				E0AF5C1D1BFD6B3C0056BEAA /* MealDetailScrollingViewController.m */,
				E0AF5C1F1BFD6E250056BEAA /* CommentTableViewCell.h */,
				E0AF5C201BFD6E250056BEAA /* CommentTableViewCell.m */,
			);
			name = MealDetailVC;
			sourceTree = "<group>";
		};
		E0E286AF1BF3CCAE002A9C0C /* RecipeVC */ = {
			isa = PBXGroup;
			children = (
				E0E286AC1BF3CCA7002A9C0C /* RecipeViewController.h */,
				E0E286AD1BF3CCA7002A9C0C /* RecipeViewController.m */,
				E0E286C41BF7F4A2002A9C0C /* ConsumableIngredientTableViewCell.h */,
				E0E286C51BF7F4A2002A9C0C /* ConsumableIngredientTableViewCell.m */,
			);
			name = RecipeVC;
			path = ..;
			sourceTree = "<group>";
		};
		E0E286C01BF6E9B3002A9C0C /* Network */ = {
			isa = PBXGroup;
			children = (
				E0E286BD1BF6E440002A9C0C /* NetworkClient.h */,
				E0E286BE1BF6E440002A9C0C /* NetworkClient.m */,
			);
			name = Network;
			sourceTree = "<group>";
		};
		E0E286D31BF9A5C9002A9C0C /* Settings */ = {
			isa = PBXGroup;
			children = (
				E0E286CD1BF9A593002A9C0C /* AppSettingsViewController.h */,
				E0E286CE1BF9A593002A9C0C /* AppSettingsViewController.m */,
				E0E286D01BF9A5BA002A9C0C /* SettingsViewController.h */,
				E0E286D11BF9A5BA002A9C0C /* SettingsViewController.m */,
			);
			name = Settings;
			sourceTree = "<group>";
		};
/* End PBXGroup section */

/* Begin PBXNativeTarget section */
		E0E2864A1BF2CF42002A9C0C /* TasteSwipeObjectiveC */ = {
			isa = PBXNativeTarget;
			buildConfigurationList = E0E2867B1BF2CF42002A9C0C /* Build configuration list for PBXNativeTarget "TasteSwipeObjectiveC" */;
			buildPhases = (
				E0E286471BF2CF42002A9C0C /* Sources */,
				E0E286481BF2CF42002A9C0C /* Frameworks */,
				E0E286491BF2CF42002A9C0C /* Resources */,
			);
			buildRules = (
			);
			dependencies = (
			);
			name = TasteSwipeObjectiveC;
			productName = TasteSwipeObjectiveC;
			productReference = E0E2864B1BF2CF42002A9C0C /* TasteSwipeObjectiveC.app */;
			productType = "com.apple.product-type.application";
		};
		E0E286661BF2CF42002A9C0C /* TasteSwipeObjectiveCTests */ = {
			isa = PBXNativeTarget;
			buildConfigurationList = E0E2867E1BF2CF42002A9C0C /* Build configuration list for PBXNativeTarget "TasteSwipeObjectiveCTests" */;
			buildPhases = (
				E0E286631BF2CF42002A9C0C /* Sources */,
				E0E286641BF2CF42002A9C0C /* Frameworks */,
				E0E286651BF2CF42002A9C0C /* Resources */,
			);
			buildRules = (
			);
			dependencies = (
				E0E286691BF2CF42002A9C0C /* PBXTargetDependency */,
			);
			name = TasteSwipeObjectiveCTests;
			productName = TasteSwipeObjectiveCTests;
			productReference = E0E286671BF2CF42002A9C0C /* TasteSwipeObjectiveCTests.xctest */;
			productType = "com.apple.product-type.bundle.unit-test";
		};
		E0E286711BF2CF42002A9C0C /* TasteSwipeObjectiveCUITests */ = {
			isa = PBXNativeTarget;
			buildConfigurationList = E0E286811BF2CF42002A9C0C /* Build configuration list for PBXNativeTarget "TasteSwipeObjectiveCUITests" */;
			buildPhases = (
				E0E2866E1BF2CF42002A9C0C /* Sources */,
				E0E2866F1BF2CF42002A9C0C /* Frameworks */,
				E0E286701BF2CF42002A9C0C /* Resources */,
			);
			buildRules = (
			);
			dependencies = (
				E0E286741BF2CF42002A9C0C /* PBXTargetDependency */,
			);
			name = TasteSwipeObjectiveCUITests;
			productName = TasteSwipeObjectiveCUITests;
			productReference = E0E286721BF2CF42002A9C0C /* TasteSwipeObjectiveCUITests.xctest */;
			productType = "com.apple.product-type.bundle.ui-testing";
		};
/* End PBXNativeTarget section */

/* Begin PBXProject section */
		E0E286431BF2CF41002A9C0C /* Project object */ = {
			isa = PBXProject;
			attributes = {
				LastUpgradeCheck = 0710;
				ORGANIZATIONNAME = "Daniel Barrido";
				TargetAttributes = {
					E0E2864A1BF2CF42002A9C0C = {
						CreatedOnToolsVersion = 7.1;
						DevelopmentTeam = 4BKZPEQX5J;
					};
					E0E286661BF2CF42002A9C0C = {
						CreatedOnToolsVersion = 7.1;
						DevelopmentTeam = 4BKZPEQX5J;
						TestTargetID = E0E2864A1BF2CF42002A9C0C;
					};
					E0E286711BF2CF42002A9C0C = {
						CreatedOnToolsVersion = 7.1;
						DevelopmentTeam = 4BKZPEQX5J;
						TestTargetID = E0E2864A1BF2CF42002A9C0C;
					};
				};
			};
			buildConfigurationList = E0E286461BF2CF41002A9C0C /* Build configuration list for PBXProject "TasteSwipeObjectiveC" */;
			compatibilityVersion = "Xcode 3.2";
			developmentRegion = English;
			hasScannedForEncodings = 0;
			knownRegions = (
				en,
				Base,
			);
			mainGroup = E0E286421BF2CF41002A9C0C;
			productRefGroup = E0E2864C1BF2CF42002A9C0C /* Products */;
			projectDirPath = "";
			projectRoot = "";
			targets = (
				E0E2864A1BF2CF42002A9C0C /* TasteSwipeObjectiveC */,
				E0E286661BF2CF42002A9C0C /* TasteSwipeObjectiveCTests */,
				E0E286711BF2CF42002A9C0C /* TasteSwipeObjectiveCUITests */,
			);
		};
/* End PBXProject section */

/* Begin PBXResourcesBuildPhase section */
		E0E286491BF2CF42002A9C0C /* Resources */ = {
			isa = PBXResourcesBuildPhase;
			buildActionMask = 2147483647;
			files = (
				E0E286611BF2CF42002A9C0C /* LaunchScreen.storyboard in Resources */,
				E0E2865E1BF2CF42002A9C0C /* Assets.xcassets in Resources */,
				E0E286591BF2CF42002A9C0C /* Main.storyboard in Resources */,
			);
			runOnlyForDeploymentPostprocessing = 0;
		};
		E0E286651BF2CF42002A9C0C /* Resources */ = {
			isa = PBXResourcesBuildPhase;
			buildActionMask = 2147483647;
			files = (
			);
			runOnlyForDeploymentPostprocessing = 0;
		};
		E0E286701BF2CF42002A9C0C /* Resources */ = {
			isa = PBXResourcesBuildPhase;
			buildActionMask = 2147483647;
			files = (
			);
			runOnlyForDeploymentPostprocessing = 0;
		};
/* End PBXResourcesBuildPhase section */

/* Begin PBXSourcesBuildPhase section */
		E0E286471BF2CF42002A9C0C /* Sources */ = {
			isa = PBXSourcesBuildPhase;
			buildActionMask = 2147483647;
			files = (
				E0E2869A1BF2E033002A9C0C /* SwipedCardBackgroundView.m in Sources */,
				E0E286A01BF2E06F002A9C0C /* OverlayView.m in Sources */,
				E0E286BC1BF655DF002A9C0C /* Consumable.m in Sources */,
				E0E286861BF2CF7D002A9C0C /* Meal.m in Sources */,
				B0E8FFA91BFA35CB00EEFE28 /* EntryViewController.m in Sources */,
				E0E2869D1BF2E05C002A9C0C /* SwipedCardView.m in Sources */,
				E0E286B21BF5014D002A9C0C /* ToTryListTableViewCell.m in Sources */,
				E0E286BF1BF6E440002A9C0C /* NetworkClient.m in Sources */,
				E0E286AA1BF3CB6A002A9C0C /* MealDetailViewController.m in Sources */,
				E0E286C61BF7F4A2002A9C0C /* ConsumableIngredientTableViewCell.m in Sources */,
				E0E286971BF2D096002A9C0C /* ToTryListViewController.m in Sources */,
				E0E286B91BF654B2002A9C0C /* ConsumableTableViewCell.m in Sources */,
				B0E8FFA51BFA338900EEFE28 /* RecipeCookingViewController.m in Sources */,
				E0E2865C1BF2CF42002A9C0C /* TasteSwipeObjectiveC.xcdatamodeld in Sources */,
				E0E286891BF2CF8C002A9C0C /* User.m in Sources */,
				B0E8FFAC1BFA3CA900EEFE28 /* Recipe.m in Sources */,
				E081A18C1BFD1BF3003FED9C /* CustomActivityIndicator.m in Sources */,
				E0E286531BF2CF42002A9C0C /* AppDelegate.m in Sources */,
				E0E286911BF2D04C002A9C0C /* WelcomeViewController.m in Sources */,
				E0E286CF1BF9A593002A9C0C /* AppSettingsViewController.m in Sources */,
				E0E286C91BF7F52C002A9C0C /* ConsumableIngredient.m in Sources */,
				E0E286C31BF6E9E7002A9C0C /* GroceryListItem.m in Sources */,
				E0E286CC1BF7F5C7002A9C0C /* GroceryListItemTableViewCell.m in Sources */,
				E0E286501BF2CF42002A9C0C /* main.m in Sources */,
				E0E2868D1BF2CFFB002A9C0C /* SwipeViewController.m in Sources */,
				E0E286941BF2D071002A9C0C /* SignUpViewController.m in Sources */,
				E081A1891BFAE2FD003FED9C /* NutritionalInformationViewController.m in Sources */,
				E0E286D21BF9A5BA002A9C0C /* SettingsViewController.m in Sources */,
				E0AF5C211BFD6E250056BEAA /* CommentTableViewCell.m in Sources */,
				E0AF5C1E1BFD6B3C0056BEAA /* MealDetailScrollingViewController.m in Sources */,
				E0970FBA1BFDC7410031793E /* StarRatingButton.m in Sources */,
				E0E286A61BF3CB19002A9C0C /* GroceryListViewController.m in Sources */,
				B0E8FFAF1BFA479900EEFE28 /* RecipeStep.m in Sources */,
				E0E286AE1BF3CCA7002A9C0C /* RecipeViewController.m in Sources */,
			);
			runOnlyForDeploymentPostprocessing = 0;
		};
		E0E286631BF2CF42002A9C0C /* Sources */ = {
			isa = PBXSourcesBuildPhase;
			buildActionMask = 2147483647;
			files = (
				E0E2866C1BF2CF42002A9C0C /* TasteSwipeObjectiveCTests.m in Sources */,
			);
			runOnlyForDeploymentPostprocessing = 0;
		};
		E0E2866E1BF2CF42002A9C0C /* Sources */ = {
			isa = PBXSourcesBuildPhase;
			buildActionMask = 2147483647;
			files = (
				E0E286771BF2CF42002A9C0C /* TasteSwipeObjectiveCUITests.m in Sources */,
			);
			runOnlyForDeploymentPostprocessing = 0;
		};
/* End PBXSourcesBuildPhase section */

/* Begin PBXTargetDependency section */
		E0E286691BF2CF42002A9C0C /* PBXTargetDependency */ = {
			isa = PBXTargetDependency;
			target = E0E2864A1BF2CF42002A9C0C /* TasteSwipeObjectiveC */;
			targetProxy = E0E286681BF2CF42002A9C0C /* PBXContainerItemProxy */;
		};
		E0E286741BF2CF42002A9C0C /* PBXTargetDependency */ = {
			isa = PBXTargetDependency;
			target = E0E2864A1BF2CF42002A9C0C /* TasteSwipeObjectiveC */;
			targetProxy = E0E286731BF2CF42002A9C0C /* PBXContainerItemProxy */;
		};
/* End PBXTargetDependency section */

/* Begin PBXVariantGroup section */
		E0E286571BF2CF42002A9C0C /* Main.storyboard */ = {
			isa = PBXVariantGroup;
			children = (
				E0E286581BF2CF42002A9C0C /* Base */,
			);
			name = Main.storyboard;
			sourceTree = "<group>";
		};
		E0E2865F1BF2CF42002A9C0C /* LaunchScreen.storyboard */ = {
			isa = PBXVariantGroup;
			children = (
				E0E286601BF2CF42002A9C0C /* Base */,
			);
			name = LaunchScreen.storyboard;
			sourceTree = "<group>";
		};
/* End PBXVariantGroup section */

/* Begin XCBuildConfiguration section */
		E0E286791BF2CF42002A9C0C /* Debug */ = {
			isa = XCBuildConfiguration;
			buildSettings = {
				ALWAYS_SEARCH_USER_PATHS = NO;
				CLANG_CXX_LANGUAGE_STANDARD = "gnu++0x";
				CLANG_CXX_LIBRARY = "libc++";
				CLANG_ENABLE_MODULES = YES;
				CLANG_ENABLE_OBJC_ARC = YES;
				CLANG_WARN_BOOL_CONVERSION = YES;
				CLANG_WARN_CONSTANT_CONVERSION = YES;
				CLANG_WARN_DIRECT_OBJC_ISA_USAGE = YES_ERROR;
				CLANG_WARN_EMPTY_BODY = YES;
				CLANG_WARN_ENUM_CONVERSION = YES;
				CLANG_WARN_INT_CONVERSION = YES;
				CLANG_WARN_OBJC_ROOT_CLASS = YES_ERROR;
				CLANG_WARN_UNREACHABLE_CODE = YES;
				CLANG_WARN__DUPLICATE_METHOD_MATCH = YES;
				"CODE_SIGN_IDENTITY[sdk=iphoneos*]" = "iPhone Developer";
				COPY_PHASE_STRIP = NO;
				DEBUG_INFORMATION_FORMAT = dwarf;
				ENABLE_STRICT_OBJC_MSGSEND = YES;
				ENABLE_TESTABILITY = YES;
				GCC_C_LANGUAGE_STANDARD = gnu99;
				GCC_DYNAMIC_NO_PIC = NO;
				GCC_NO_COMMON_BLOCKS = YES;
				GCC_OPTIMIZATION_LEVEL = 0;
				GCC_PREPROCESSOR_DEFINITIONS = (
					"DEBUG=1",
					"$(inherited)",
				);
				GCC_WARN_64_TO_32_BIT_CONVERSION = YES;
				GCC_WARN_ABOUT_RETURN_TYPE = YES_ERROR;
				GCC_WARN_UNDECLARED_SELECTOR = YES;
				GCC_WARN_UNINITIALIZED_AUTOS = YES_AGGRESSIVE;
				GCC_WARN_UNUSED_FUNCTION = YES;
				GCC_WARN_UNUSED_VARIABLE = YES;
				IPHONEOS_DEPLOYMENT_TARGET = 9.1;
				MTL_ENABLE_DEBUG_INFO = YES;
				ONLY_ACTIVE_ARCH = YES;
				SDKROOT = iphoneos;
			};
			name = Debug;
		};
		E0E2867A1BF2CF42002A9C0C /* Release */ = {
			isa = XCBuildConfiguration;
			buildSettings = {
				ALWAYS_SEARCH_USER_PATHS = NO;
				CLANG_CXX_LANGUAGE_STANDARD = "gnu++0x";
				CLANG_CXX_LIBRARY = "libc++";
				CLANG_ENABLE_MODULES = YES;
				CLANG_ENABLE_OBJC_ARC = YES;
				CLANG_WARN_BOOL_CONVERSION = YES;
				CLANG_WARN_CONSTANT_CONVERSION = YES;
				CLANG_WARN_DIRECT_OBJC_ISA_USAGE = YES_ERROR;
				CLANG_WARN_EMPTY_BODY = YES;
				CLANG_WARN_ENUM_CONVERSION = YES;
				CLANG_WARN_INT_CONVERSION = YES;
				CLANG_WARN_OBJC_ROOT_CLASS = YES_ERROR;
				CLANG_WARN_UNREACHABLE_CODE = YES;
				CLANG_WARN__DUPLICATE_METHOD_MATCH = YES;
				"CODE_SIGN_IDENTITY[sdk=iphoneos*]" = "iPhone Developer";
				COPY_PHASE_STRIP = NO;
				DEBUG_INFORMATION_FORMAT = "dwarf-with-dsym";
				ENABLE_NS_ASSERTIONS = NO;
				ENABLE_STRICT_OBJC_MSGSEND = YES;
				GCC_C_LANGUAGE_STANDARD = gnu99;
				GCC_NO_COMMON_BLOCKS = YES;
				GCC_WARN_64_TO_32_BIT_CONVERSION = YES;
				GCC_WARN_ABOUT_RETURN_TYPE = YES_ERROR;
				GCC_WARN_UNDECLARED_SELECTOR = YES;
				GCC_WARN_UNINITIALIZED_AUTOS = YES_AGGRESSIVE;
				GCC_WARN_UNUSED_FUNCTION = YES;
				GCC_WARN_UNUSED_VARIABLE = YES;
				IPHONEOS_DEPLOYMENT_TARGET = 9.1;
				MTL_ENABLE_DEBUG_INFO = NO;
				SDKROOT = iphoneos;
				VALIDATE_PRODUCT = YES;
			};
			name = Release;
		};
		E0E2867C1BF2CF42002A9C0C /* Debug */ = {
			isa = XCBuildConfiguration;
			buildSettings = {
				ASSETCATALOG_COMPILER_APPICON_NAME = AppIcon;
				INFOPLIST_FILE = TasteSwipeObjectiveC/Info.plist;
				LD_RUNPATH_SEARCH_PATHS = "$(inherited) @executable_path/Frameworks";
				PRODUCT_BUNDLE_IDENTIFIER = danielbarrido.TasteSwipeObjectiveC;
				PRODUCT_NAME = "$(TARGET_NAME)";
			};
			name = Debug;
		};
		E0E2867D1BF2CF42002A9C0C /* Release */ = {
			isa = XCBuildConfiguration;
			buildSettings = {
				ASSETCATALOG_COMPILER_APPICON_NAME = AppIcon;
				INFOPLIST_FILE = TasteSwipeObjectiveC/Info.plist;
				LD_RUNPATH_SEARCH_PATHS = "$(inherited) @executable_path/Frameworks";
				PRODUCT_BUNDLE_IDENTIFIER = danielbarrido.TasteSwipeObjectiveC;
				PRODUCT_NAME = "$(TARGET_NAME)";
			};
			name = Release;
		};
		E0E2867F1BF2CF42002A9C0C /* Debug */ = {
			isa = XCBuildConfiguration;
			buildSettings = {
				BUNDLE_LOADER = "$(TEST_HOST)";
				INFOPLIST_FILE = TasteSwipeObjectiveCTests/Info.plist;
				LD_RUNPATH_SEARCH_PATHS = "$(inherited) @executable_path/Frameworks @loader_path/Frameworks";
				PRODUCT_BUNDLE_IDENTIFIER = danielbarrido.TasteSwipeObjectiveCTests;
				PRODUCT_NAME = "$(TARGET_NAME)";
				TEST_HOST = "$(BUILT_PRODUCTS_DIR)/TasteSwipeObjectiveC.app/TasteSwipeObjectiveC";
			};
			name = Debug;
		};
		E0E286801BF2CF42002A9C0C /* Release */ = {
			isa = XCBuildConfiguration;
			buildSettings = {
				BUNDLE_LOADER = "$(TEST_HOST)";
				INFOPLIST_FILE = TasteSwipeObjectiveCTests/Info.plist;
				LD_RUNPATH_SEARCH_PATHS = "$(inherited) @executable_path/Frameworks @loader_path/Frameworks";
				PRODUCT_BUNDLE_IDENTIFIER = danielbarrido.TasteSwipeObjectiveCTests;
				PRODUCT_NAME = "$(TARGET_NAME)";
				TEST_HOST = "$(BUILT_PRODUCTS_DIR)/TasteSwipeObjectiveC.app/TasteSwipeObjectiveC";
			};
			name = Release;
		};
		E0E286821BF2CF42002A9C0C /* Debug */ = {
			isa = XCBuildConfiguration;
			buildSettings = {
				INFOPLIST_FILE = TasteSwipeObjectiveCUITests/Info.plist;
				LD_RUNPATH_SEARCH_PATHS = "$(inherited) @executable_path/Frameworks @loader_path/Frameworks";
				PRODUCT_BUNDLE_IDENTIFIER = danielbarrido.TasteSwipeObjectiveCUITests;
				PRODUCT_NAME = "$(TARGET_NAME)";
				TEST_TARGET_NAME = TasteSwipeObjectiveC;
				USES_XCTRUNNER = YES;
			};
			name = Debug;
		};
		E0E286831BF2CF42002A9C0C /* Release */ = {
			isa = XCBuildConfiguration;
			buildSettings = {
				INFOPLIST_FILE = TasteSwipeObjectiveCUITests/Info.plist;
				LD_RUNPATH_SEARCH_PATHS = "$(inherited) @executable_path/Frameworks @loader_path/Frameworks";
				PRODUCT_BUNDLE_IDENTIFIER = danielbarrido.TasteSwipeObjectiveCUITests;
				PRODUCT_NAME = "$(TARGET_NAME)";
				TEST_TARGET_NAME = TasteSwipeObjectiveC;
				USES_XCTRUNNER = YES;
			};
			name = Release;
		};
/* End XCBuildConfiguration section */

/* Begin XCConfigurationList section */
		E0E286461BF2CF41002A9C0C /* Build configuration list for PBXProject "TasteSwipeObjectiveC" */ = {
			isa = XCConfigurationList;
			buildConfigurations = (
				E0E286791BF2CF42002A9C0C /* Debug */,
				E0E2867A1BF2CF42002A9C0C /* Release */,
			);
			defaultConfigurationIsVisible = 0;
			defaultConfigurationName = Release;
		};
		E0E2867B1BF2CF42002A9C0C /* Build configuration list for PBXNativeTarget "TasteSwipeObjectiveC" */ = {
			isa = XCConfigurationList;
			buildConfigurations = (
				E0E2867C1BF2CF42002A9C0C /* Debug */,
				E0E2867D1BF2CF42002A9C0C /* Release */,
			);
			defaultConfigurationIsVisible = 0;
			defaultConfigurationName = Release;
		};
		E0E2867E1BF2CF42002A9C0C /* Build configuration list for PBXNativeTarget "TasteSwipeObjectiveCTests" */ = {
			isa = XCConfigurationList;
			buildConfigurations = (
				E0E2867F1BF2CF42002A9C0C /* Debug */,
				E0E286801BF2CF42002A9C0C /* Release */,
			);
			defaultConfigurationIsVisible = 0;
			defaultConfigurationName = Release;
		};
		E0E286811BF2CF42002A9C0C /* Build configuration list for PBXNativeTarget "TasteSwipeObjectiveCUITests" */ = {
			isa = XCConfigurationList;
			buildConfigurations = (
				E0E286821BF2CF42002A9C0C /* Debug */,
				E0E286831BF2CF42002A9C0C /* Release */,
			);
			defaultConfigurationIsVisible = 0;
			defaultConfigurationName = Release;
		};
/* End XCConfigurationList section */

/* Begin XCVersionGroup section */
		E0E2865A1BF2CF42002A9C0C /* TasteSwipeObjectiveC.xcdatamodeld */ = {
			isa = XCVersionGroup;
			children = (
				E0E2865B1BF2CF42002A9C0C /* TasteSwipeObjectiveC.xcdatamodel */,
			);
			currentVersion = E0E2865B1BF2CF42002A9C0C /* TasteSwipeObjectiveC.xcdatamodel */;
			path = TasteSwipeObjectiveC.xcdatamodeld;
			sourceTree = "<group>";
			versionGroupType = wrapper.xcdatamodel;
		};
/* End XCVersionGroup section */
	};
	rootObject = E0E286431BF2CF41002A9C0C /* Project object */;
}
